
Microsoft Visual Studio Solution File, Format Version 12.00
# Visual Studio Version 17
VisualStudioVersion = 17.6.33815.320
MinimumVisualStudioVersion = 10.0.40219.1
Project("{FAE04EC0-301F-11D3-BF4B-00C04F79EFBC}") = "Игра", "Игра.csproj", "{14BF371D-B725-4ED8-867B-C36F5B5762D8}"
EndProject
Project("{2150E333-8FDC-42A3-9474-1A3956D46DE8}") = "Solution Items", "Solution Items", "{76CB1B39-CA53-4AD3-98AC-87FE97FE5C36}"
	ProjectSection(SolutionItems) = preProject
		.editorconfig = .editorconfig
	EndProjectSection
EndProject
Global
	GlobalSection(SolutionConfigurationPlatforms) = preSolution
		Debug|Any CPU = Debug|Any CPU
		Release|Any CPU = Release|Any CPU
	EndGlobalSection
	GlobalSection(ProjectConfigurationPlatforms) = postSolution
		{14BF371D-B725-4ED8-867B-C36F5B5762D8}.Debug|Any CPU.ActiveCfg = Debug|Any CPU
		{14BF371D-B725-4ED8-867B-C36F5B5762D8}.Debug|Any CPU.Build.0 = Debug|Any CPU
		{14BF371D-B725-4ED8-867B-C36F5B5762D8}.Release|Any CPU.ActiveCfg = Release|Any CPU
		{14BF371D-B725-4ED8-867B-C36F5B5762D8}.Release|Any CPU.Build.0 = Release|Any CPU
	EndGlobalSection
	GlobalSection(SolutionProperties) = preSolution
		HideSolutionNode = FALSE
	EndGlobalSection
	GlobalSection(ExtensibilityGlobals) = postSolution
		SolutionGuid = {886418C2-6947-4CE2-93EC-9FADB2AFF60D}
	EndGlobalSection
EndGlobal
