
Microsoft Visual Studio Solution File, Format Version 12.00
# Visual Studio Version 17
VisualStudioVersion = 17.6.33815.320
MinimumVisualStudioVersion = 10.0.40219.1
Project("{FAE04EC0-301F-11D3-BF4B-00C04F79EFBC}") = "Задание", "Задание.csproj", "{A754104B-D5D3-4EE8-93AF-F14C3C5108CB}"
EndProject
Global
	GlobalSection(SolutionConfigurationPlatforms) = preSolution
		Debug|Any CPU = Debug|Any CPU
		Release|Any CPU = Release|Any CPU
	EndGlobalSection
	GlobalSection(ProjectConfigurationPlatforms) = postSolution
		{A754104B-D5D3-4EE8-93AF-F14C3C5108CB}.Debug|Any CPU.ActiveCfg = Debug|Any CPU
		{A754104B-D5D3-4EE8-93AF-F14C3C5108CB}.Debug|Any CPU.Build.0 = Debug|Any CPU
		{A754104B-D5D3-4EE8-93AF-F14C3C5108CB}.Release|Any CPU.ActiveCfg = Release|Any CPU
		{A754104B-D5D3-4EE8-93AF-F14C3C5108CB}.Release|Any CPU.Build.0 = Release|Any CPU
	EndGlobalSection
	GlobalSection(SolutionProperties) = preSolution
		HideSolutionNode = FALSE
	EndGlobalSection
	GlobalSection(ExtensibilityGlobals) = postSolution
		SolutionGuid = {82F41A05-B26C-49CB-A888-806A4088300B}
	EndGlobalSection
EndGlobal
