
Microsoft Visual Studio Solution File, Format Version 12.00
# Visual Studio Version 17
VisualStudioVersion = 17.6.33815.320
MinimumVisualStudioVersion = 10.0.40219.1
Project("{FAE04EC0-301F-11D3-BF4B-00C04F79EFBC}") = "PZ_19 Вариант 2", "PZ_19 Вариант 2.csproj", "{4E1E71CE-1EA2-4F7B-BDE4-83846FDA091B}"
EndProject
Global
	GlobalSection(SolutionConfigurationPlatforms) = preSolution
		Debug|Any CPU = Debug|Any CPU
		Release|Any CPU = Release|Any CPU
	EndGlobalSection
	GlobalSection(ProjectConfigurationPlatforms) = postSolution
		{4E1E71CE-1EA2-4F7B-BDE4-83846FDA091B}.Debug|Any CPU.ActiveCfg = Debug|Any CPU
		{4E1E71CE-1EA2-4F7B-BDE4-83846FDA091B}.Debug|Any CPU.Build.0 = Debug|Any CPU
		{4E1E71CE-1EA2-4F7B-BDE4-83846FDA091B}.Release|Any CPU.ActiveCfg = Release|Any CPU
		{4E1E71CE-1EA2-4F7B-BDE4-83846FDA091B}.Release|Any CPU.Build.0 = Release|Any CPU
	EndGlobalSection
	GlobalSection(SolutionProperties) = preSolution
		HideSolutionNode = FALSE
	EndGlobalSection
	GlobalSection(ExtensibilityGlobals) = postSolution
		SolutionGuid = {FF6C67F2-56CC-4349-B15D-FE0F889A3428}
	EndGlobalSection
EndGlobal
