
Microsoft Visual Studio Solution File, Format Version 12.00
# Visual Studio Version 17
VisualStudioVersion = 17.6.33815.320
MinimumVisualStudioVersion = 10.0.40219.1
Project("{FAE04EC0-301F-11D3-BF4B-00C04F79EFBC}") = "DDD999", "DDD999.csproj", "{66F5E8A9-40DF-4C1D-AABB-24FCB67F2A93}"
EndProject
Global
	GlobalSection(SolutionConfigurationPlatforms) = preSolution
		Debug|Any CPU = Debug|Any CPU
		Release|Any CPU = Release|Any CPU
	EndGlobalSection
	GlobalSection(ProjectConfigurationPlatforms) = postSolution
		{66F5E8A9-40DF-4C1D-AABB-24FCB67F2A93}.Debug|Any CPU.ActiveCfg = Debug|Any CPU
		{66F5E8A9-40DF-4C1D-AABB-24FCB67F2A93}.Debug|Any CPU.Build.0 = Debug|Any CPU
		{66F5E8A9-40DF-4C1D-AABB-24FCB67F2A93}.Release|Any CPU.ActiveCfg = Release|Any CPU
		{66F5E8A9-40DF-4C1D-AABB-24FCB67F2A93}.Release|Any CPU.Build.0 = Release|Any CPU
	EndGlobalSection
	GlobalSection(SolutionProperties) = preSolution
		HideSolutionNode = FALSE
	EndGlobalSection
	GlobalSection(ExtensibilityGlobals) = postSolution
		SolutionGuid = {32B04BA0-3186-442B-86F7-3998875AD28D}
	EndGlobalSection
EndGlobal
