
Microsoft Visual Studio Solution File, Format Version 12.00
# Visual Studio Version 17
VisualStudioVersion = 17.6.33815.320
MinimumVisualStudioVersion = 10.0.40219.1
Project("{FAE04EC0-301F-11D3-BF4B-00C04F79EFBC}") = "PZ_13", "PZ_13.csproj", "{C4DF2223-7064-4743-A55A-6CB668AFDF50}"
EndProject
Global
	GlobalSection(SolutionConfigurationPlatforms) = preSolution
		Debug|Any CPU = Debug|Any CPU
		Release|Any CPU = Release|Any CPU
	EndGlobalSection
	GlobalSection(ProjectConfigurationPlatforms) = postSolution
		{C4DF2223-7064-4743-A55A-6CB668AFDF50}.Debug|Any CPU.ActiveCfg = Debug|Any CPU
		{C4DF2223-7064-4743-A55A-6CB668AFDF50}.Debug|Any CPU.Build.0 = Debug|Any CPU
		{C4DF2223-7064-4743-A55A-6CB668AFDF50}.Release|Any CPU.ActiveCfg = Release|Any CPU
		{C4DF2223-7064-4743-A55A-6CB668AFDF50}.Release|Any CPU.Build.0 = Release|Any CPU
	EndGlobalSection
	GlobalSection(SolutionProperties) = preSolution
		HideSolutionNode = FALSE
	EndGlobalSection
	GlobalSection(ExtensibilityGlobals) = postSolution
		SolutionGuid = {EE4A6E8A-ADC7-4BC6-90CF-175D270E4582}
	EndGlobalSection
EndGlobal
