
Microsoft Visual Studio Solution File, Format Version 12.00
# Visual Studio Version 17
VisualStudioVersion = 17.6.33815.320
MinimumVisualStudioVersion = 10.0.40219.1
Project("{FAE04EC0-301F-11D3-BF4B-00C04F79EFBC}") = "Игра99900000", "Игра99900000.csproj", "{BA11302C-7F9D-4712-A797-CDC72F173001}"
EndProject
Global
	GlobalSection(SolutionConfigurationPlatforms) = preSolution
		Debug|Any CPU = Debug|Any CPU
		Release|Any CPU = Release|Any CPU
	EndGlobalSection
	GlobalSection(ProjectConfigurationPlatforms) = postSolution
		{BA11302C-7F9D-4712-A797-CDC72F173001}.Debug|Any CPU.ActiveCfg = Debug|Any CPU
		{BA11302C-7F9D-4712-A797-CDC72F173001}.Debug|Any CPU.Build.0 = Debug|Any CPU
		{BA11302C-7F9D-4712-A797-CDC72F173001}.Release|Any CPU.ActiveCfg = Release|Any CPU
		{BA11302C-7F9D-4712-A797-CDC72F173001}.Release|Any CPU.Build.0 = Release|Any CPU
	EndGlobalSection
	GlobalSection(SolutionProperties) = preSolution
		HideSolutionNode = FALSE
	EndGlobalSection
	GlobalSection(ExtensibilityGlobals) = postSolution
		SolutionGuid = {A094435B-85DB-421C-A8C3-A9E4A66B9921}
	EndGlobalSection
EndGlobal
